
Microsoft Visual Studio Solution File, Format Version 12.00
# Visual Studio Version 17
VisualStudioVersion = 17.11.35312.102
MinimumVisualStudioVersion = 10.0.40219.1
Project("{9A19103F-16F7-4668-BE54-9A1E7A4F7556}") = "FleetRouteManager.Web", "FleetRouteManager.Web\FleetRouteManager.Web.csproj", "{B982FACF-73BE-475C-A60B-8F7BEF44C407}"
EndProject
Project("{9A19103F-16F7-4668-BE54-9A1E7A4F7556}") = "FleetRouteManager.Data", "FleetRouteManager.Data\FleetRouteManager.Data.csproj", "{8C0972D1-E5B3-4120-BF2F-1BD764B4508D}"
EndProject
Project("{9A19103F-16F7-4668-BE54-9A1E7A4F7556}") = "FleetRouteManager.Services", "FleetRouteManager.Services\FleetRouteManager.Services.csproj", "{C4A9C15B-68F4-43F0-8210-5ADB87659240}"
EndProject
Project("{2150E333-8FDC-42A3-9474-1A3956D46DE8}") = "Data", "Data", "{AB89B81E-C6CB-4DD9-BCF2-64FAAA5BCD6C}"
EndProject
Project("{2150E333-8FDC-42A3-9474-1A3956D46DE8}") = "Services", "Services", "{9DD8499D-D0A2-4E8C-ADEF-0525FB1D0B9F}"
EndProject
Project("{2150E333-8FDC-42A3-9474-1A3956D46DE8}") = "Web", "Web", "{FE775B5F-24BE-4D29-9EC9-1D82FE864A0B}"
EndProject
Project("{2150E333-8FDC-42A3-9474-1A3956D46DE8}") = "Tests", "Tests", "{C84CB029-7A4A-4E9A-89BC-9CD1B57EABBF}"
EndProject
Project("{9A19103F-16F7-4668-BE54-9A1E7A4F7556}") = "FleetRouteManager.Tests", "FleetRouteManager.Tests\FleetRouteManager.Tests.csproj", "{7A11A043-8B80-4C68-B042-84B956135BC9}"
EndProject
Project("{9A19103F-16F7-4668-BE54-9A1E7A4F7556}") = "FleetRouteManager.Data.Common", "FleetRouteManager.Data.Common\FleetRouteManager.Data.Common.csproj", "{35C361E9-6067-492F-99C2-5E85A89BABDF}"
EndProject
Project("{9A19103F-16F7-4668-BE54-9A1E7A4F7556}") = "FleetRouteManager.Data.Repositories", "FleetRouteManager.Data.Repositories\FleetRouteManager.Data.Repositories.csproj", "{C827D75C-1236-42F1-B249-3E91F3DB51F2}"
EndProject
Project("{9A19103F-16F7-4668-BE54-9A1E7A4F7556}") = "FleetRouteManager.Data.Models", "FleetRouteManager.Data.Models\FleetRouteManager.Data.Models.csproj", "{E6A733F7-192B-448B-9C44-2EDEC277D39E}"
EndProject
Project("{9A19103F-16F7-4668-BE54-9A1E7A4F7556}") = "FleetRouteManager.Services.Common", "FleetRouteManager.Services.Common\FleetRouteManager.Services.Common.csproj", "{CCE4E4ED-E589-485C-B126-96B278518A37}"
EndProject
Project("{9A19103F-16F7-4668-BE54-9A1E7A4F7556}") = "FleetRouteManager.Web.Models", "FleetRouteManager.Web.Models\FleetRouteManager.Web.Models.csproj", "{DD12C142-CD54-4D0B-9AA9-269D418E50B1}"
EndProject
Project("{2150E333-8FDC-42A3-9474-1A3956D46DE8}") = "Common", "Common", "{155B055B-CDF1-4DD2-9790-95B041E2609A}"
EndProject
Project("{FAE04EC0-301F-11D3-BF4B-00C04F79EFBC}") = "FleetRouteManager.Common", "FleetRouteManager.Common\FleetRouteManager.Common.csproj", "{DBBB4414-26B8-45E0-986B-5A2E04B22E2A}"
EndProject
Global
	GlobalSection(SolutionConfigurationPlatforms) = preSolution
		Debug|Any CPU = Debug|Any CPU
		Release|Any CPU = Release|Any CPU
	EndGlobalSection
	GlobalSection(ProjectConfigurationPlatforms) = postSolution
		{B982FACF-73BE-475C-A60B-8F7BEF44C407}.Debug|Any CPU.ActiveCfg = Debug|Any CPU
		{B982FACF-73BE-475C-A60B-8F7BEF44C407}.Debug|Any CPU.Build.0 = Debug|Any CPU
		{B982FACF-73BE-475C-A60B-8F7BEF44C407}.Release|Any CPU.ActiveCfg = Release|Any CPU
		{B982FACF-73BE-475C-A60B-8F7BEF44C407}.Release|Any CPU.Build.0 = Release|Any CPU
		{8C0972D1-E5B3-4120-BF2F-1BD764B4508D}.Debug|Any CPU.ActiveCfg = Debug|Any CPU
		{8C0972D1-E5B3-4120-BF2F-1BD764B4508D}.Debug|Any CPU.Build.0 = Debug|Any CPU
		{8C0972D1-E5B3-4120-BF2F-1BD764B4508D}.Release|Any CPU.ActiveCfg = Release|Any CPU
		{8C0972D1-E5B3-4120-BF2F-1BD764B4508D}.Release|Any CPU.Build.0 = Release|Any CPU
		{C4A9C15B-68F4-43F0-8210-5ADB87659240}.Debug|Any CPU.ActiveCfg = Debug|Any CPU
		{C4A9C15B-68F4-43F0-8210-5ADB87659240}.Debug|Any CPU.Build.0 = Debug|Any CPU
		{C4A9C15B-68F4-43F0-8210-5ADB87659240}.Release|Any CPU.ActiveCfg = Release|Any CPU
		{C4A9C15B-68F4-43F0-8210-5ADB87659240}.Release|Any CPU.Build.0 = Release|Any CPU
		{7A11A043-8B80-4C68-B042-84B956135BC9}.Debug|Any CPU.ActiveCfg = Debug|Any CPU
		{7A11A043-8B80-4C68-B042-84B956135BC9}.Debug|Any CPU.Build.0 = Debug|Any CPU
		{7A11A043-8B80-4C68-B042-84B956135BC9}.Release|Any CPU.ActiveCfg = Release|Any CPU
		{7A11A043-8B80-4C68-B042-84B956135BC9}.Release|Any CPU.Build.0 = Release|Any CPU
		{35C361E9-6067-492F-99C2-5E85A89BABDF}.Debug|Any CPU.ActiveCfg = Debug|Any CPU
		{35C361E9-6067-492F-99C2-5E85A89BABDF}.Debug|Any CPU.Build.0 = Debug|Any CPU
		{35C361E9-6067-492F-99C2-5E85A89BABDF}.Release|Any CPU.ActiveCfg = Release|Any CPU
		{35C361E9-6067-492F-99C2-5E85A89BABDF}.Release|Any CPU.Build.0 = Release|Any CPU
		{C827D75C-1236-42F1-B249-3E91F3DB51F2}.Debug|Any CPU.ActiveCfg = Debug|Any CPU
		{C827D75C-1236-42F1-B249-3E91F3DB51F2}.Debug|Any CPU.Build.0 = Debug|Any CPU
		{C827D75C-1236-42F1-B249-3E91F3DB51F2}.Release|Any CPU.ActiveCfg = Release|Any CPU
		{C827D75C-1236-42F1-B249-3E91F3DB51F2}.Release|Any CPU.Build.0 = Release|Any CPU
		{E6A733F7-192B-448B-9C44-2EDEC277D39E}.Debug|Any CPU.ActiveCfg = Debug|Any CPU
		{E6A733F7-192B-448B-9C44-2EDEC277D39E}.Debug|Any CPU.Build.0 = Debug|Any CPU
		{E6A733F7-192B-448B-9C44-2EDEC277D39E}.Release|Any CPU.ActiveCfg = Release|Any CPU
		{E6A733F7-192B-448B-9C44-2EDEC277D39E}.Release|Any CPU.Build.0 = Release|Any CPU
		{CCE4E4ED-E589-485C-B126-96B278518A37}.Debug|Any CPU.ActiveCfg = Debug|Any CPU
		{CCE4E4ED-E589-485C-B126-96B278518A37}.Debug|Any CPU.Build.0 = Debug|Any CPU
		{CCE4E4ED-E589-485C-B126-96B278518A37}.Release|Any CPU.ActiveCfg = Release|Any CPU
		{CCE4E4ED-E589-485C-B126-96B278518A37}.Release|Any CPU.Build.0 = Release|Any CPU
		{DD12C142-CD54-4D0B-9AA9-269D418E50B1}.Debug|Any CPU.ActiveCfg = Debug|Any CPU
		{DD12C142-CD54-4D0B-9AA9-269D418E50B1}.Debug|Any CPU.Build.0 = Debug|Any CPU
		{DD12C142-CD54-4D0B-9AA9-269D418E50B1}.Release|Any CPU.ActiveCfg = Release|Any CPU
		{DD12C142-CD54-4D0B-9AA9-269D418E50B1}.Release|Any CPU.Build.0 = Release|Any CPU
		{DBBB4414-26B8-45E0-986B-5A2E04B22E2A}.Debug|Any CPU.ActiveCfg = Debug|Any CPU
		{DBBB4414-26B8-45E0-986B-5A2E04B22E2A}.Debug|Any CPU.Build.0 = Debug|Any CPU
		{DBBB4414-26B8-45E0-986B-5A2E04B22E2A}.Release|Any CPU.ActiveCfg = Release|Any CPU
		{DBBB4414-26B8-45E0-986B-5A2E04B22E2A}.Release|Any CPU.Build.0 = Release|Any CPU
	EndGlobalSection
	GlobalSection(SolutionProperties) = preSolution
		HideSolutionNode = FALSE
	EndGlobalSection
	GlobalSection(NestedProjects) = preSolution
		{B982FACF-73BE-475C-A60B-8F7BEF44C407} = {FE775B5F-24BE-4D29-9EC9-1D82FE864A0B}
		{8C0972D1-E5B3-4120-BF2F-1BD764B4508D} = {AB89B81E-C6CB-4DD9-BCF2-64FAAA5BCD6C}
		{C4A9C15B-68F4-43F0-8210-5ADB87659240} = {9DD8499D-D0A2-4E8C-ADEF-0525FB1D0B9F}
		{7A11A043-8B80-4C68-B042-84B956135BC9} = {C84CB029-7A4A-4E9A-89BC-9CD1B57EABBF}
		{35C361E9-6067-492F-99C2-5E85A89BABDF} = {AB89B81E-C6CB-4DD9-BCF2-64FAAA5BCD6C}
		{C827D75C-1236-42F1-B249-3E91F3DB51F2} = {AB89B81E-C6CB-4DD9-BCF2-64FAAA5BCD6C}
		{E6A733F7-192B-448B-9C44-2EDEC277D39E} = {AB89B81E-C6CB-4DD9-BCF2-64FAAA5BCD6C}
		{CCE4E4ED-E589-485C-B126-96B278518A37} = {9DD8499D-D0A2-4E8C-ADEF-0525FB1D0B9F}
		{DD12C142-CD54-4D0B-9AA9-269D418E50B1} = {FE775B5F-24BE-4D29-9EC9-1D82FE864A0B}
		{DBBB4414-26B8-45E0-986B-5A2E04B22E2A} = {155B055B-CDF1-4DD2-9790-95B041E2609A}
	EndGlobalSection
	GlobalSection(ExtensibilityGlobals) = postSolution
		SolutionGuid = {E6F310B9-437C-48A1-AC8B-D0AEFD2660E3}
	EndGlobalSection
EndGlobal
